
Microsoft Visual Studio Solution File, Format Version 11.00
# Visual Studio 2010
Project("{2150E333-8FDC-42A3-9474-1A3956D46DE8}") = "Common", "Common", "{D158CCD9-C9F9-449E-8FA2-076D29F05A73}"
EndProject
Project("{8BC9CEB8-8B4A-11D0-8D11-00A0C91BC942}") = "DiagTool", "DiagTool\DiagTool.vcxproj", "{F3C17604-B7E5-43AF-8C84-E2BFB594453D}"
EndProject
Project("{8BC9CEB8-8B4A-11D0-8D11-00A0C91BC942}") = "S3DUtils", "S3DUtils\S3DUtils.vcxproj", "{AA2FE8C3-57B3-4E19-AEF9-7889A9948353}"
EndProject
Project("{8BC9CEB8-8B4A-11D0-8D11-00A0C91BC942}") = "Control Center", "Control Center\Control Center.vcxproj", "{D9B380B2-CA7E-4074-8579-1ACCF7265787}"
EndProject
Project("{8BC9CEB8-8B4A-11D0-8D11-00A0C91BC942}") = "CommonUtils", "CommonUtils\CommonUtils.vcxproj", "{75B0730F-143E-4CD8-9908-1020F103E21B}"
EndProject
Project("{8BC9CEB8-8B4A-11D0-8D11-00A0C91BC942}") = "ArchiveFile", "ArchiveFile\ArchiveFile.vcxproj", "{BFF89902-765E-409E-9B62-A1FABBAF5ED4}"
EndProject
Project("{FAE04EC0-301F-11D3-BF4B-00C04F79EFBC}") = "ControlCenter", "ControlCenter\ControlCenter.csproj", "{19210C6A-A869-4E88-BC37-31905FEF4F82}"
	ProjectSection(ProjectDependencies) = postProject
		{F3C17604-B7E5-43AF-8C84-E2BFB594453D} = {F3C17604-B7E5-43AF-8C84-E2BFB594453D}
		{AA2FE8C3-57B3-4E19-AEF9-7889A9948353} = {AA2FE8C3-57B3-4E19-AEF9-7889A9948353}
	EndProjectSection
EndProject
Global
	GlobalSection(SolutionConfigurationPlatforms) = preSolution
		Debug|Win32 = Debug|Win32
		Debug|x64 = Debug|x64
		Final Release - Anaglyph|Win32 = Final Release - Anaglyph|Win32
		Final Release - Anaglyph|x64 = Final Release - Anaglyph|x64
		Final Release - CMO Edition|Win32 = Final Release - CMO Edition|Win32
		Final Release - CMO Edition|x64 = Final Release - CMO Edition|x64
		Final Release - Lenovo|Win32 = Final Release - Lenovo|Win32
		Final Release - Lenovo|x64 = Final Release - Lenovo|x64
		Final Release - Taerim|Win32 = Final Release - Taerim|Win32
		Final Release - Taerim|x64 = Final Release - Taerim|x64
		Final Release - YGT|Win32 = Final Release - YGT|Win32
		Final Release - YGT|x64 = Final Release - YGT|x64
		Final Release|Win32 = Final Release|Win32
		Final Release|x64 = Final Release|x64
		Release|Win32 = Release|Win32
		Release|x64 = Release|x64
	EndGlobalSection
	GlobalSection(ProjectConfigurationPlatforms) = postSolution
		{F3C17604-B7E5-43AF-8C84-E2BFB594453D}.Debug|Win32.ActiveCfg = Debug|Win32
		{F3C17604-B7E5-43AF-8C84-E2BFB594453D}.Debug|Win32.Build.0 = Debug|Win32
		{F3C17604-B7E5-43AF-8C84-E2BFB594453D}.Debug|x64.ActiveCfg = Debug|x64
		{F3C17604-B7E5-43AF-8C84-E2BFB594453D}.Final Release - Anaglyph|Win32.ActiveCfg = Final Release - Anaglyph|Win32
		{F3C17604-B7E5-43AF-8C84-E2BFB594453D}.Final Release - Anaglyph|Win32.Build.0 = Final Release - Anaglyph|Win32
		{F3C17604-B7E5-43AF-8C84-E2BFB594453D}.Final Release - Anaglyph|x64.ActiveCfg = Final Release - Anaglyph|x64
		{F3C17604-B7E5-43AF-8C84-E2BFB594453D}.Final Release - CMO Edition|Win32.ActiveCfg = Final Release - CMO Edition|Win32
		{F3C17604-B7E5-43AF-8C84-E2BFB594453D}.Final Release - CMO Edition|Win32.Build.0 = Final Release - CMO Edition|Win32
		{F3C17604-B7E5-43AF-8C84-E2BFB594453D}.Final Release - CMO Edition|x64.ActiveCfg = Final Release - CMO Edition|x64
		{F3C17604-B7E5-43AF-8C84-E2BFB594453D}.Final Release - Lenovo|Win32.ActiveCfg = Final Release - Lenovo|Win32
		{F3C17604-B7E5-43AF-8C84-E2BFB594453D}.Final Release - Lenovo|Win32.Build.0 = Final Release - Lenovo|Win32
		{F3C17604-B7E5-43AF-8C84-E2BFB594453D}.Final Release - Lenovo|x64.ActiveCfg = Final Release - Lenovo|x64
		{F3C17604-B7E5-43AF-8C84-E2BFB594453D}.Final Release - Taerim|Win32.ActiveCfg = Final Release - Taerim|Win32
		{F3C17604-B7E5-43AF-8C84-E2BFB594453D}.Final Release - Taerim|Win32.Build.0 = Final Release - Taerim|Win32
		{F3C17604-B7E5-43AF-8C84-E2BFB594453D}.Final Release - Taerim|x64.ActiveCfg = Final Release - Taerim|x64
		{F3C17604-B7E5-43AF-8C84-E2BFB594453D}.Final Release - Taerim|x64.Build.0 = Final Release - Taerim|x64
		{F3C17604-B7E5-43AF-8C84-E2BFB594453D}.Final Release - YGT|Win32.ActiveCfg = Final Release - YGT|Win32
		{F3C17604-B7E5-43AF-8C84-E2BFB594453D}.Final Release - YGT|Win32.Build.0 = Final Release - YGT|Win32
		{F3C17604-B7E5-43AF-8C84-E2BFB594453D}.Final Release - YGT|x64.ActiveCfg = Final Release - YGT|x64
		{F3C17604-B7E5-43AF-8C84-E2BFB594453D}.Final Release|Win32.ActiveCfg = Final Release|Win32
		{F3C17604-B7E5-43AF-8C84-E2BFB594453D}.Final Release|Win32.Build.0 = Final Release|Win32
		{F3C17604-B7E5-43AF-8C84-E2BFB594453D}.Final Release|x64.ActiveCfg = Final Release|x64
		{F3C17604-B7E5-43AF-8C84-E2BFB594453D}.Release|Win32.ActiveCfg = Release|Win32
		{F3C17604-B7E5-43AF-8C84-E2BFB594453D}.Release|Win32.Build.0 = Release|Win32
		{F3C17604-B7E5-43AF-8C84-E2BFB594453D}.Release|x64.ActiveCfg = Release|x64
		{AA2FE8C3-57B3-4E19-AEF9-7889A9948353}.Debug|Win32.ActiveCfg = Debug|Win32
		{AA2FE8C3-57B3-4E19-AEF9-7889A9948353}.Debug|Win32.Build.0 = Debug|Win32
		{AA2FE8C3-57B3-4E19-AEF9-7889A9948353}.Debug|x64.ActiveCfg = Debug|x64
		{AA2FE8C3-57B3-4E19-AEF9-7889A9948353}.Debug|x64.Build.0 = Debug|x64
		{AA2FE8C3-57B3-4E19-AEF9-7889A9948353}.Final Release - Anaglyph|Win32.ActiveCfg = Final Release - Anaglyph|Win32
		{AA2FE8C3-57B3-4E19-AEF9-7889A9948353}.Final Release - Anaglyph|Win32.Build.0 = Final Release - Anaglyph|Win32
		{AA2FE8C3-57B3-4E19-AEF9-7889A9948353}.Final Release - Anaglyph|x64.ActiveCfg = Final Release - Anaglyph|x64
		{AA2FE8C3-57B3-4E19-AEF9-7889A9948353}.Final Release - Anaglyph|x64.Build.0 = Final Release - Anaglyph|x64
		{AA2FE8C3-57B3-4E19-AEF9-7889A9948353}.Final Release - CMO Edition|Win32.ActiveCfg = Final Release - CMO Edition|Win32
		{AA2FE8C3-57B3-4E19-AEF9-7889A9948353}.Final Release - CMO Edition|Win32.Build.0 = Final Release - CMO Edition|Win32
		{AA2FE8C3-57B3-4E19-AEF9-7889A9948353}.Final Release - CMO Edition|x64.ActiveCfg = Final Release - CMO Edition|x64
		{AA2FE8C3-57B3-4E19-AEF9-7889A9948353}.Final Release - CMO Edition|x64.Build.0 = Final Release - CMO Edition|x64
		{AA2FE8C3-57B3-4E19-AEF9-7889A9948353}.Final Release - Lenovo|Win32.ActiveCfg = Final Release - Lenovo|Win32
		{AA2FE8C3-57B3-4E19-AEF9-7889A9948353}.Final Release - Lenovo|Win32.Build.0 = Final Release - Lenovo|Win32
		{AA2FE8C3-57B3-4E19-AEF9-7889A9948353}.Final Release - Lenovo|x64.ActiveCfg = Final Release - Lenovo|x64
		{AA2FE8C3-57B3-4E19-AEF9-7889A9948353}.Final Release - Lenovo|x64.Build.0 = Final Release - Lenovo|x64
		{AA2FE8C3-57B3-4E19-AEF9-7889A9948353}.Final Release - Taerim|Win32.ActiveCfg = Final Release - Taerim|Win32
		{AA2FE8C3-57B3-4E19-AEF9-7889A9948353}.Final Release - Taerim|Win32.Build.0 = Final Release - Taerim|Win32
		{AA2FE8C3-57B3-4E19-AEF9-7889A9948353}.Final Release - Taerim|x64.ActiveCfg = Final Release - Taerim|x64
		{AA2FE8C3-57B3-4E19-AEF9-7889A9948353}.Final Release - Taerim|x64.Build.0 = Final Release - Taerim|x64
		{AA2FE8C3-57B3-4E19-AEF9-7889A9948353}.Final Release - YGT|Win32.ActiveCfg = Final Release - YGT|Win32
		{AA2FE8C3-57B3-4E19-AEF9-7889A9948353}.Final Release - YGT|Win32.Build.0 = Final Release - YGT|Win32
		{AA2FE8C3-57B3-4E19-AEF9-7889A9948353}.Final Release - YGT|x64.ActiveCfg = Final Release - YGT|x64
		{AA2FE8C3-57B3-4E19-AEF9-7889A9948353}.Final Release - YGT|x64.Build.0 = Final Release - YGT|x64
		{AA2FE8C3-57B3-4E19-AEF9-7889A9948353}.Final Release|Win32.ActiveCfg = Final Release|Win32
		{AA2FE8C3-57B3-4E19-AEF9-7889A9948353}.Final Release|Win32.Build.0 = Final Release|Win32
		{AA2FE8C3-57B3-4E19-AEF9-7889A9948353}.Final Release|x64.ActiveCfg = Final Release|x64
		{AA2FE8C3-57B3-4E19-AEF9-7889A9948353}.Final Release|x64.Build.0 = Final Release|x64
		{AA2FE8C3-57B3-4E19-AEF9-7889A9948353}.Release|Win32.ActiveCfg = Release|Win32
		{AA2FE8C3-57B3-4E19-AEF9-7889A9948353}.Release|Win32.Build.0 = Release|Win32
		{AA2FE8C3-57B3-4E19-AEF9-7889A9948353}.Release|x64.ActiveCfg = Release|x64
		{AA2FE8C3-57B3-4E19-AEF9-7889A9948353}.Release|x64.Build.0 = Release|x64
		{D9B380B2-CA7E-4074-8579-1ACCF7265787}.Debug|Win32.ActiveCfg = Debug|Win32
		{D9B380B2-CA7E-4074-8579-1ACCF7265787}.Debug|Win32.Build.0 = Debug|Win32
		{D9B380B2-CA7E-4074-8579-1ACCF7265787}.Debug|x64.ActiveCfg = Debug|x64
		{D9B380B2-CA7E-4074-8579-1ACCF7265787}.Final Release - Anaglyph|Win32.ActiveCfg = Final Release - Anaglyph|Win32
		{D9B380B2-CA7E-4074-8579-1ACCF7265787}.Final Release - Anaglyph|Win32.Build.0 = Final Release - Anaglyph|Win32
		{D9B380B2-CA7E-4074-8579-1ACCF7265787}.Final Release - Anaglyph|x64.ActiveCfg = Final Release - Anaglyph|x64
		{D9B380B2-CA7E-4074-8579-1ACCF7265787}.Final Release - CMO Edition|Win32.ActiveCfg = Final Release - CMO Edition|Win32
		{D9B380B2-CA7E-4074-8579-1ACCF7265787}.Final Release - CMO Edition|Win32.Build.0 = Final Release - CMO Edition|Win32
		{D9B380B2-CA7E-4074-8579-1ACCF7265787}.Final Release - CMO Edition|x64.ActiveCfg = Final Release - CMO Edition|x64
		{D9B380B2-CA7E-4074-8579-1ACCF7265787}.Final Release - Lenovo|Win32.ActiveCfg = Final Release - Lenovo|Win32
		{D9B380B2-CA7E-4074-8579-1ACCF7265787}.Final Release - Lenovo|Win32.Build.0 = Final Release - Lenovo|Win32
		{D9B380B2-CA7E-4074-8579-1ACCF7265787}.Final Release - Lenovo|x64.ActiveCfg = Final Release - Lenovo|x64
		{D9B380B2-CA7E-4074-8579-1ACCF7265787}.Final Release - Taerim|Win32.ActiveCfg = Final Release - Taerim|Win32
		{D9B380B2-CA7E-4074-8579-1ACCF7265787}.Final Release - Taerim|Win32.Build.0 = Final Release - Taerim|Win32
		{D9B380B2-CA7E-4074-8579-1ACCF7265787}.Final Release - Taerim|x64.ActiveCfg = Final Release - Taerim|x64
		{D9B380B2-CA7E-4074-8579-1ACCF7265787}.Final Release - YGT|Win32.ActiveCfg = Final Release - YGT|Win32
		{D9B380B2-CA7E-4074-8579-1ACCF7265787}.Final Release - YGT|Win32.Build.0 = Final Release - YGT|Win32
		{D9B380B2-CA7E-4074-8579-1ACCF7265787}.Final Release - YGT|x64.ActiveCfg = Final Release - YGT|x64
		{D9B380B2-CA7E-4074-8579-1ACCF7265787}.Final Release|Win32.ActiveCfg = Final Release|Win32
		{D9B380B2-CA7E-4074-8579-1ACCF7265787}.Final Release|Win32.Build.0 = Final Release|Win32
		{D9B380B2-CA7E-4074-8579-1ACCF7265787}.Final Release|x64.ActiveCfg = Final Release|x64
		{D9B380B2-CA7E-4074-8579-1ACCF7265787}.Release|Win32.ActiveCfg = Release|Win32
		{D9B380B2-CA7E-4074-8579-1ACCF7265787}.Release|Win32.Build.0 = Release|Win32
		{D9B380B2-CA7E-4074-8579-1ACCF7265787}.Release|x64.ActiveCfg = Release|x64
		{75B0730F-143E-4CD8-9908-1020F103E21B}.Debug|Win32.ActiveCfg = Debug|Win32
		{75B0730F-143E-4CD8-9908-1020F103E21B}.Debug|Win32.Build.0 = Debug|Win32
		{75B0730F-143E-4CD8-9908-1020F103E21B}.Debug|x64.ActiveCfg = Debug|x64
		{75B0730F-143E-4CD8-9908-1020F103E21B}.Debug|x64.Build.0 = Debug|x64
		{75B0730F-143E-4CD8-9908-1020F103E21B}.Final Release - Anaglyph|Win32.ActiveCfg = Final Release - Anaglyph|Win32
		{75B0730F-143E-4CD8-9908-1020F103E21B}.Final Release - Anaglyph|Win32.Build.0 = Final Release - Anaglyph|Win32
		{75B0730F-143E-4CD8-9908-1020F103E21B}.Final Release - Anaglyph|x64.ActiveCfg = Final Release - Anaglyph|x64
		{75B0730F-143E-4CD8-9908-1020F103E21B}.Final Release - Anaglyph|x64.Build.0 = Final Release - Anaglyph|x64
		{75B0730F-143E-4CD8-9908-1020F103E21B}.Final Release - CMO Edition|Win32.ActiveCfg = Final Release - CMO Edition|Win32
		{75B0730F-143E-4CD8-9908-1020F103E21B}.Final Release - CMO Edition|Win32.Build.0 = Final Release - CMO Edition|Win32
		{75B0730F-143E-4CD8-9908-1020F103E21B}.Final Release - CMO Edition|x64.ActiveCfg = Final Release - CMO Edition|x64
		{75B0730F-143E-4CD8-9908-1020F103E21B}.Final Release - CMO Edition|x64.Build.0 = Final Release - CMO Edition|x64
		{75B0730F-143E-4CD8-9908-1020F103E21B}.Final Release - Lenovo|Win32.ActiveCfg = Final Release - Lenovo|Win32
		{75B0730F-143E-4CD8-9908-1020F103E21B}.Final Release - Lenovo|Win32.Build.0 = Final Release - Lenovo|Win32
		{75B0730F-143E-4CD8-9908-1020F103E21B}.Final Release - Lenovo|x64.ActiveCfg = Final Release - Lenovo|x64
		{75B0730F-143E-4CD8-9908-1020F103E21B}.Final Release - Lenovo|x64.Build.0 = Final Release - Lenovo|x64
		{75B0730F-143E-4CD8-9908-1020F103E21B}.Final Release - Taerim|Win32.ActiveCfg = Final Release - Taerim|Win32
		{75B0730F-143E-4CD8-9908-1020F103E21B}.Final Release - Taerim|Win32.Build.0 = Final Release - Taerim|Win32
		{75B0730F-143E-4CD8-9908-1020F103E21B}.Final Release - Taerim|x64.ActiveCfg = Final Release - Taerim|x64
		{75B0730F-143E-4CD8-9908-1020F103E21B}.Final Release - Taerim|x64.Build.0 = Final Release - Taerim|x64
		{75B0730F-143E-4CD8-9908-1020F103E21B}.Final Release - YGT|Win32.ActiveCfg = Final Release - YGT|Win32
		{75B0730F-143E-4CD8-9908-1020F103E21B}.Final Release - YGT|Win32.Build.0 = Final Release - YGT|Win32
		{75B0730F-143E-4CD8-9908-1020F103E21B}.Final Release - YGT|x64.ActiveCfg = Final Release - YGT|x64
		{75B0730F-143E-4CD8-9908-1020F103E21B}.Final Release - YGT|x64.Build.0 = Final Release - YGT|x64
		{75B0730F-143E-4CD8-9908-1020F103E21B}.Final Release|Win32.ActiveCfg = Final Release|Win32
		{75B0730F-143E-4CD8-9908-1020F103E21B}.Final Release|Win32.Build.0 = Final Release|Win32
		{75B0730F-143E-4CD8-9908-1020F103E21B}.Final Release|x64.ActiveCfg = Final Release|x64
		{75B0730F-143E-4CD8-9908-1020F103E21B}.Final Release|x64.Build.0 = Final Release|x64
		{75B0730F-143E-4CD8-9908-1020F103E21B}.Release|Win32.ActiveCfg = Release|Win32
		{75B0730F-143E-4CD8-9908-1020F103E21B}.Release|Win32.Build.0 = Release|Win32
		{75B0730F-143E-4CD8-9908-1020F103E21B}.Release|x64.ActiveCfg = Release|x64
		{75B0730F-143E-4CD8-9908-1020F103E21B}.Release|x64.Build.0 = Release|x64
		{BFF89902-765E-409E-9B62-A1FABBAF5ED4}.Debug|Win32.ActiveCfg = Debug|Win32
		{BFF89902-765E-409E-9B62-A1FABBAF5ED4}.Debug|Win32.Build.0 = Debug|Win32
		{BFF89902-765E-409E-9B62-A1FABBAF5ED4}.Debug|x64.ActiveCfg = Debug|x64
		{BFF89902-765E-409E-9B62-A1FABBAF5ED4}.Debug|x64.Build.0 = Debug|x64
		{BFF89902-765E-409E-9B62-A1FABBAF5ED4}.Final Release - Anaglyph|Win32.ActiveCfg = Final Release - Anaglyph|Win32
		{BFF89902-765E-409E-9B62-A1FABBAF5ED4}.Final Release - Anaglyph|Win32.Build.0 = Final Release - Anaglyph|Win32
		{BFF89902-765E-409E-9B62-A1FABBAF5ED4}.Final Release - Anaglyph|x64.ActiveCfg = Final Release - Anaglyph|x64
		{BFF89902-765E-409E-9B62-A1FABBAF5ED4}.Final Release - Anaglyph|x64.Build.0 = Final Release - Anaglyph|x64
		{BFF89902-765E-409E-9B62-A1FABBAF5ED4}.Final Release - CMO Edition|Win32.ActiveCfg = Final Release - CMO Edition|Win32
		{BFF89902-765E-409E-9B62-A1FABBAF5ED4}.Final Release - CMO Edition|Win32.Build.0 = Final Release - CMO Edition|Win32
		{BFF89902-765E-409E-9B62-A1FABBAF5ED4}.Final Release - CMO Edition|x64.ActiveCfg = Final Release - CMO Edition|x64
		{BFF89902-765E-409E-9B62-A1FABBAF5ED4}.Final Release - CMO Edition|x64.Build.0 = Final Release - CMO Edition|x64
		{BFF89902-765E-409E-9B62-A1FABBAF5ED4}.Final Release - Lenovo|Win32.ActiveCfg = Final Release - Lenovo|Win32
		{BFF89902-765E-409E-9B62-A1FABBAF5ED4}.Final Release - Lenovo|Win32.Build.0 = Final Release - Lenovo|Win32
		{BFF89902-765E-409E-9B62-A1FABBAF5ED4}.Final Release - Lenovo|x64.ActiveCfg = Final Release - Lenovo|x64
		{BFF89902-765E-409E-9B62-A1FABBAF5ED4}.Final Release - Lenovo|x64.Build.0 = Final Release - Lenovo|x64
		{BFF89902-765E-409E-9B62-A1FABBAF5ED4}.Final Release - Taerim|Win32.ActiveCfg = Final Release - Taerim|Win32
		{BFF89902-765E-409E-9B62-A1FABBAF5ED4}.Final Release - Taerim|Win32.Build.0 = Final Release - Taerim|Win32
		{BFF89902-765E-409E-9B62-A1FABBAF5ED4}.Final Release - Taerim|x64.ActiveCfg = Final Release - Taerim|x64
		{BFF89902-765E-409E-9B62-A1FABBAF5ED4}.Final Release - Taerim|x64.Build.0 = Final Release - Taerim|x64
		{BFF89902-765E-409E-9B62-A1FABBAF5ED4}.Final Release - YGT|Win32.ActiveCfg = Final Release - YGT|Win32
		{BFF89902-765E-409E-9B62-A1FABBAF5ED4}.Final Release - YGT|Win32.Build.0 = Final Release - YGT|Win32
		{BFF89902-765E-409E-9B62-A1FABBAF5ED4}.Final Release - YGT|x64.ActiveCfg = Final Release - YGT|x64
		{BFF89902-765E-409E-9B62-A1FABBAF5ED4}.Final Release - YGT|x64.Build.0 = Final Release - YGT|x64
		{BFF89902-765E-409E-9B62-A1FABBAF5ED4}.Final Release|Win32.ActiveCfg = Final Release|Win32
		{BFF89902-765E-409E-9B62-A1FABBAF5ED4}.Final Release|Win32.Build.0 = Final Release|Win32
		{BFF89902-765E-409E-9B62-A1FABBAF5ED4}.Final Release|x64.ActiveCfg = Final Release|x64
		{BFF89902-765E-409E-9B62-A1FABBAF5ED4}.Final Release|x64.Build.0 = Final Release|x64
		{BFF89902-765E-409E-9B62-A1FABBAF5ED4}.Release|Win32.ActiveCfg = Release|Win32
		{BFF89902-765E-409E-9B62-A1FABBAF5ED4}.Release|Win32.Build.0 = Release|Win32
		{BFF89902-765E-409E-9B62-A1FABBAF5ED4}.Release|x64.ActiveCfg = Release|x64
		{BFF89902-765E-409E-9B62-A1FABBAF5ED4}.Release|x64.Build.0 = Release|x64
		{19210C6A-A869-4E88-BC37-31905FEF4F82}.Debug|Win32.ActiveCfg = Debug|x86
		{19210C6A-A869-4E88-BC37-31905FEF4F82}.Debug|Win32.Build.0 = Debug|x86
		{19210C6A-A869-4E88-BC37-31905FEF4F82}.Debug|x64.ActiveCfg = Debug|x64
		{19210C6A-A869-4E88-BC37-31905FEF4F82}.Final Release - Anaglyph|Win32.ActiveCfg = Final Release - Anaglyph|x86
		{19210C6A-A869-4E88-BC37-31905FEF4F82}.Final Release - Anaglyph|Win32.Build.0 = Final Release - Anaglyph|x86
		{19210C6A-A869-4E88-BC37-31905FEF4F82}.Final Release - Anaglyph|x64.ActiveCfg = Final Release - Anaglyph|x64
		{19210C6A-A869-4E88-BC37-31905FEF4F82}.Final Release - CMO Edition|Win32.ActiveCfg = Final Release - CMO Edition|x86
		{19210C6A-A869-4E88-BC37-31905FEF4F82}.Final Release - CMO Edition|Win32.Build.0 = Final Release - CMO Edition|x86
		{19210C6A-A869-4E88-BC37-31905FEF4F82}.Final Release - CMO Edition|x64.ActiveCfg = Final Release - CMO Edition|x64
		{19210C6A-A869-4E88-BC37-31905FEF4F82}.Final Release - Lenovo|Win32.ActiveCfg = Final Release - Lenovo|x86
		{19210C6A-A869-4E88-BC37-31905FEF4F82}.Final Release - Lenovo|Win32.Build.0 = Final Release - Lenovo|x86
		{19210C6A-A869-4E88-BC37-31905FEF4F82}.Final Release - Lenovo|x64.ActiveCfg = Final Release - Lenovo|x64
		{19210C6A-A869-4E88-BC37-31905FEF4F82}.Final Release - Taerim|Win32.ActiveCfg = Final Release - Taerim|x86
		{19210C6A-A869-4E88-BC37-31905FEF4F82}.Final Release - Taerim|Win32.Build.0 = Final Release - Taerim|x86
		{19210C6A-A869-4E88-BC37-31905FEF4F82}.Final Release - Taerim|x64.ActiveCfg = Final Release - Taerim|x64
		{19210C6A-A869-4E88-BC37-31905FEF4F82}.Final Release - YGT|Win32.ActiveCfg = Final Release - YGT|x86
		{19210C6A-A869-4E88-BC37-31905FEF4F82}.Final Release - YGT|Win32.Build.0 = Final Release - YGT|x86
		{19210C6A-A869-4E88-BC37-31905FEF4F82}.Final Release - YGT|x64.ActiveCfg = Final Release - YGT|x64
		{19210C6A-A869-4E88-BC37-31905FEF4F82}.Final Release|Win32.ActiveCfg = Final Release|x86
		{19210C6A-A869-4E88-BC37-31905FEF4F82}.Final Release|Win32.Build.0 = Final Release|x86
		{19210C6A-A869-4E88-BC37-31905FEF4F82}.Final Release|x64.ActiveCfg = Final Release|x64
		{19210C6A-A869-4E88-BC37-31905FEF4F82}.Release|Win32.ActiveCfg = Release|x86
		{19210C6A-A869-4E88-BC37-31905FEF4F82}.Release|Win32.Build.0 = Release|x86
		{19210C6A-A869-4E88-BC37-31905FEF4F82}.Release|x64.ActiveCfg = Release|x64
	EndGlobalSection
	GlobalSection(SolutionProperties) = preSolution
		HideSolutionNode = FALSE
	EndGlobalSection
	GlobalSection(NestedProjects) = preSolution
		{75B0730F-143E-4CD8-9908-1020F103E21B} = {D158CCD9-C9F9-449E-8FA2-076D29F05A73}
		{BFF89902-765E-409E-9B62-A1FABBAF5ED4} = {D158CCD9-C9F9-449E-8FA2-076D29F05A73}
	EndGlobalSection
	GlobalSection(ExtensibilityGlobals) = postSolution
		AMDCaProjectFile = D:\work\driver-trunk\CodeAnalyst\S3DDriver.caw
	EndGlobalSection
	GlobalSection(SubversionScc) = preSolution
		Svn-Managed = True
		Manager = AnkhSVN - Subversion Support for Visual Studio
	EndGlobalSection
EndGlobal
