<?xml version="1.0" encoding="utf-8"?>
<Project ToolsVersion="4.0" xmlns="http://schemas.microsoft.com/developer/msbuild/2003">
  <ItemGroup>
    <Filter Include="Source Files">
      <UniqueIdentifier>{4FC737F1-C7A5-4376-A066-2A32D752A2FF}</UniqueIdentifier>
      <Extensions>cpp;c;cc;cxx;def;odl;idl;hpj;bat;asm;asmx</Extensions>
    </Filter>
    <Filter Include="Header Files">
      <UniqueIdentifier>{93995380-89BD-4b04-88EB-625FBE52EBFB}</UniqueIdentifier>
      <Extensions>h;hpp;hxx;hm;inl;inc;xsd</Extensions>
    </Filter>
    <Filter Include="String">
      <UniqueIdentifier>{d910c2be-e20e-48b1-86e6-7b5023e3c13f}</UniqueIdentifier>
    </Filter>
    <Filter Include="IPC">
      <UniqueIdentifier>{c80bfb3f-d022-4bdf-a8c9-90ccea3203f2}</UniqueIdentifier>
    </Filter>
    <Filter Include="System">
      <UniqueIdentifier>{ccab2e5c-f969-4f10-b2b4-b60322f5bd1e}</UniqueIdentifier>
    </Filter>
    <Filter Include="ResourceManagement">
      <UniqueIdentifier>{82644299-d091-41cf-98f9-c249a8cb461a}</UniqueIdentifier>
    </Filter>
    <Filter Include="Profilevar">
      <UniqueIdentifier>{c500366a-10ac-4b26-97df-c3043f4dab70}</UniqueIdentifier>
    </Filter>
    <Filter Include="Utils">
      <UniqueIdentifier>{11ad6c80-eda4-4603-b2fc-9f2770fbc36a}</UniqueIdentifier>
    </Filter>
    <Filter Include="ShaderProcessor">
      <UniqueIdentifier>{a4b56f4b-dd05-4590-be9b-5cce216884e0}</UniqueIdentifier>
    </Filter>
  </ItemGroup>
  <ItemGroup>
    <ClCompile Include="stdafx.cpp">
      <Filter>Source Files</Filter>
    </ClCompile>
    <ClCompile Include="StringUtils.cpp">
      <Filter>String</Filter>
    </ClCompile>
    <ClCompile Include="IPCCommand.cpp">
      <Filter>IPC</Filter>
    </ClCompile>
    <ClCompile Include="System.cpp">
      <Filter>System</Filter>
    </ClCompile>
    <ClCompile Include="CommonResourceFolders.cpp">
      <Filter>ResourceManagement</Filter>
    </ClCompile>
    <ClCompile Include="LanguageStringResourceManager.cpp">
      <Filter>ResourceManagement</Filter>
    </ClCompile>
    <ClCompile Include="StringResourceManager.cpp">
      <Filter>ResourceManagement</Filter>
    </ClCompile>
    <ClCompile Include="profilevar.cpp">
      <Filter>Profilevar</Filter>
    </ClCompile>
    <ClCompile Include="COMLikeRepository.cpp">
      <Filter>Source Files</Filter>
    </ClCompile>
    <ClCompile Include="ShaderProcessor.cpp">
      <Filter>ShaderProcessor</Filter>
    </ClCompile>
    <ClCompile Include="ResourceLoader.cpp">
      <Filter>System</Filter>
    </ClCompile>
    <ClCompile Include="KeyConv.cpp">
      <Filter>Source Files</Filter>
    </ClCompile>
    <ClCompile Include="crc.cpp">
      <Filter>Source Files</Filter>
    </ClCompile>
    <ClCompile Include="8x256_tables.cpp">
      <Filter>Source Files</Filter>
    </ClCompile>
  </ItemGroup>
  <ItemGroup>
    <ClInclude Include="..\Shared\SharedInclude.h">
      <Filter>Header Files</Filter>
    </ClInclude>
    <ClInclude Include="Singleton.h">
      <Filter>Header Files</Filter>
    </ClInclude>
    <ClInclude Include="stdafx.h">
      <Filter>Header Files</Filter>
    </ClInclude>
    <ClInclude Include="StringUtils.h">
      <Filter>String</Filter>
    </ClInclude>
    <ClInclude Include="IPCCommand.h">
      <Filter>IPC</Filter>
    </ClInclude>
    <ClInclude Include="System.h">
      <Filter>System</Filter>
    </ClInclude>
    <ClInclude Include="CommonResourceFolders.h">
      <Filter>ResourceManagement</Filter>
    </ClInclude>
    <ClInclude Include="I18n.h">
      <Filter>ResourceManagement</Filter>
    </ClInclude>
    <ClInclude Include="LanguageStringResourceManager.h">
      <Filter>ResourceManagement</Filter>
    </ClInclude>
    <ClInclude Include="StringResourceManager.h">
      <Filter>ResourceManagement</Filter>
    </ClInclude>
    <ClInclude Include="profilevar.h">
      <Filter>Profilevar</Filter>
    </ClInclude>
    <ClInclude Include="SelfDeleter.h">
      <Filter>Header Files</Filter>
    </ClInclude>
    <ClInclude Include="COMLikeRepository.h">
      <Filter>Header Files</Filter>
    </ClInclude>
    <ClInclude Include="Function.h">
      <Filter>Utils</Filter>
    </ClInclude>
    <ClInclude Include="ShaderProcessor.h">
      <Filter>ShaderProcessor</Filter>
    </ClInclude>
    <ClInclude Include="ResourceLoader.h">
      <Filter>System</Filter>
    </ClInclude>
    <ClInclude Include="PerThreadSingleton.h">
      <Filter>Header Files</Filter>
    </ClInclude>
    <ClInclude Include="KeyConv.h">
      <Filter>Header Files</Filter>
    </ClInclude>
    <ClInclude Include="crc.h">
      <Filter>Header Files</Filter>
    </ClInclude>
  </ItemGroup>
  <ItemGroup>
    <None Include="Conv.py" />
  </ItemGroup>
</Project>