
Microsoft Visual Studio Solution File, Format Version 11.00
# Visual Studio 2010
Project("{888888A0-9F3D-457C-B088-3A5042F75D52}") = "SetBranchFolder", "SetBranchFolder.pyproj", "{B136FCDF-D1DE-4314-8E47-00CF62F1E925}"
EndProject
Global
	GlobalSection(SolutionConfigurationPlatforms) = preSolution
		Debug|Any CPU = Debug|Any CPU
		Release|Any CPU = Release|Any CPU
	EndGlobalSection
	GlobalSection(ProjectConfigurationPlatforms) = postSolution
		{B136FCDF-D1DE-4314-8E47-00CF62F1E925}.Debug|Any CPU.ActiveCfg = Debug|Any CPU
		{B136FCDF-D1DE-4314-8E47-00CF62F1E925}.Release|Any CPU.ActiveCfg = Release|Any CPU
	EndGlobalSection
	GlobalSection(SolutionProperties) = preSolution
		HideSolutionNode = FALSE
	EndGlobalSection
EndGlobal
