Microsoft Visual Studio Solution File, Format Version 11.00
# Visual Studio 2010
Project("{8BC9CEB8-8B4A-11D0-8D11-00A0C91BC942}") = "@@APP_NAME@@", "project.vcxproj", "{1BAD8409-F433-4B12-9563-531AD500FE7C}"
EndProject
Global
	GlobalSection(SolutionConfigurationPlatforms) = preSolution
		Debug|Win32 = Debug|Win32
		Debug|x64 = Debug|x64
		Release|Win32 = Release|Win32
		Release|x64 = Release|x64
	EndGlobalSection
	GlobalSection(ProjectConfigurationPlatforms) = postSolution
		{1BAD8409-F433-4B12-9563-531AD500FE7C}.Debug|Win32.ActiveCfg = Debug|Win32
		{1BAD8409-F433-4B12-9563-531AD500FE7C}.Debug|Win32.Build.0 = Debug|Win32
		{1BAD8409-F433-4B12-9563-531AD500FE7C}.Debug|x64.ActiveCfg = Debug|x64
		{1BAD8409-F433-4B12-9563-531AD500FE7C}.Debug|x64.Build.0 = Debug|x64
		{1BAD8409-F433-4B12-9563-531AD500FE7C}.Release|Win32.ActiveCfg = Release|Win32
		{1BAD8409-F433-4B12-9563-531AD500FE7C}.Release|Win32.Build.0 = Release|Win32
		{1BAD8409-F433-4B12-9563-531AD500FE7C}.Release|x64.ActiveCfg = Release|x64
		{1BAD8409-F433-4B12-9563-531AD500FE7C}.Release|x64.Build.0 = Release|x64
	EndGlobalSection
	GlobalSection(SolutionProperties) = preSolution
		HideSolutionNode = FALSE
	EndGlobalSection
EndGlobal
