<?xml version="1.0" encoding="utf-8"?>
<Project ToolsVersion="4.0" xmlns="http://schemas.microsoft.com/developer/msbuild/2003">
  <ItemGroup>
    <Filter Include="Source Files">
      <UniqueIdentifier>{4FC737F1-C7A5-4376-A066-2A32D752A2FF}</UniqueIdentifier>
      <Extensions>cpp;c;cc;cxx;def;odl;idl;hpj;bat;asm;asmx</Extensions>
    </Filter>
    <Filter Include="Header Files">
      <UniqueIdentifier>{93995380-89BD-4b04-88EB-625FBE52EBFB}</UniqueIdentifier>
      <Extensions>h;hpp;hxx;hm;inl;inc;xsd</Extensions>
    </Filter>
    <Filter Include="Resource Files">
      <UniqueIdentifier>{67DA6AB6-F800-4c08-8B7A-83BB121AAD01}</UniqueIdentifier>
      <Extensions>rc;ico;cur;bmp;dlg;rc2;rct;bin;rgs;gif;jpg;jpeg;jpe;resx;tiff;tif;png;wav</Extensions>
    </Filter>
  </ItemGroup>
  <ItemGroup>
    <ClCompile Include="disasm.cpp">
      <Filter>Source Files</Filter>
    </ClCompile>
    <ClCompile Include="GraphAnalysis.cpp">
      <Filter>Source Files</Filter>
    </ClCompile>
    <ClCompile Include="IsInstructionHasNeededOperand.cpp">
      <Filter>Source Files</Filter>
    </ClCompile>
    <ClCompile Include="IsShaderTreeStart.cpp">
      <Filter>Source Files</Filter>
    </ClCompile>
    <ClCompile Include="SearchProjectMatrixBFSVisitor.cpp">
      <Filter>Source Files</Filter>
    </ClCompile>
    <ClCompile Include="ShaderAdjacencyIterator.cpp">
      <Filter>Source Files</Filter>
    </ClCompile>
    <ClCompile Include="ShaderGraph.cpp">
      <Filter>Source Files</Filter>
    </ClCompile>
    <ClCompile Include="ShaderInstruction.cpp">
      <Filter>Source Files</Filter>
    </ClCompile>
    <ClCompile Include="ShaderOperand.cpp">
      <Filter>Source Files</Filter>
    </ClCompile>
    <ClCompile Include="ShaderOperation.cpp">
      <Filter>Source Files</Filter>
    </ClCompile>
    <ClCompile Include="stdafx.cpp">
      <Filter>Source Files</Filter>
    </ClCompile>
    <ClCompile Include="modify.cpp">
      <Filter>Source Files</Filter>
    </ClCompile>
  </ItemGroup>
  <ItemGroup>
    <ClInclude Include="AnalyzeData.h">
      <Filter>Header Files</Filter>
    </ClInclude>
    <ClInclude Include="Disasm.h">
      <Filter>Header Files</Filter>
    </ClInclude>
    <ClInclude Include="GraphAnalysis.h">
      <Filter>Header Files</Filter>
    </ClInclude>
    <ClInclude Include="IsInstructionHasNeededOperand.h">
      <Filter>Header Files</Filter>
    </ClInclude>
    <ClInclude Include="IsShaderTreeStart.h">
      <Filter>Header Files</Filter>
    </ClInclude>
    <ClInclude Include="SearchProjectMatrixBFSVisitor.h">
      <Filter>Header Files</Filter>
    </ClInclude>
    <ClInclude Include="ShaderAdjacencyIterator.h">
      <Filter>Header Files</Filter>
    </ClInclude>
    <ClInclude Include="ShaderGraph.h">
      <Filter>Header Files</Filter>
    </ClInclude>
    <ClInclude Include="ShaderInstruction.h">
      <Filter>Header Files</Filter>
    </ClInclude>
    <ClInclude Include="ShaderOperand.h">
      <Filter>Header Files</Filter>
    </ClInclude>
    <ClInclude Include="ShaderOperandEdge.h">
      <Filter>Header Files</Filter>
    </ClInclude>
    <ClInclude Include="ShaderOperation.h">
      <Filter>Header Files</Filter>
    </ClInclude>
    <ClInclude Include="stdafx.h">
      <Filter>Header Files</Filter>
    </ClInclude>
    <ClInclude Include="modify.h">
      <Filter>Header Files</Filter>
    </ClInclude>
  </ItemGroup>
  <ItemGroup>
    <None Include="ShaderOperand.inl">
      <Filter>Header Files</Filter>
    </None>
    <None Include="ShaderOperandEdge.inl">
      <Filter>Header Files</Filter>
    </None>
    <None Include="ShaderOperation.inl">
      <Filter>Header Files</Filter>
    </None>
  </ItemGroup>
</Project>