<?xml version="1.0" encoding="utf-8"?>
<Project ToolsVersion="4.0" xmlns="http://schemas.microsoft.com/developer/msbuild/2003">
  <ItemGroup>
    <Filter Include="Source Files">
      <UniqueIdentifier>{198be698-9cdd-44d2-ab70-6bac16bb2816}</UniqueIdentifier>
      <Extensions>cpp;c;cxx;rc;def;r;odl;idl;hpj;bat</Extensions>
    </Filter>
    <Filter Include="Header Files">
      <UniqueIdentifier>{c017cd2b-542c-4e1a-aadf-7bf69643675b}</UniqueIdentifier>
      <Extensions>h;hpp;hxx;hm;inl</Extensions>
    </Filter>
    <Filter Include="Resource Files">
      <UniqueIdentifier>{76644c03-5b9a-43bb-8920-f3747fc96b26}</UniqueIdentifier>
      <Extensions>ico;cur;bmp;dlg;rc2;rct;bin;rgs;gif;jpg;jpeg;jpe</Extensions>
    </Filter>
  </ItemGroup>
  <ItemGroup>
    <ClCompile Include="Direct3D7.cpp">
      <Filter>Source Files</Filter>
    </ClCompile>
    <ClCompile Include="Direct3DDevice7.cpp">
      <Filter>Source Files</Filter>
    </ClCompile>
    <ClCompile Include="Direct3DVertexBuffer7.cpp">
      <Filter>Source Files</Filter>
    </ClCompile>
    <ClCompile Include="DirectDrawClipper.cpp">
      <Filter>Source Files</Filter>
    </ClCompile>
    <ClCompile Include="DirectDrawPalette.cpp">
      <Filter>Source Files</Filter>
    </ClCompile>
    <ClCompile Include="DirectDrawSurface7.cpp">
      <Filter>Source Files</Filter>
    </ClCompile>
    <ClCompile Include="FakeFunctions.cpp">
      <Filter>Source Files</Filter>
    </ClCompile>
    <ClCompile Include="S3DWrapperD3D7.cpp">
      <Filter>Source Files</Filter>
    </ClCompile>
    <ClCompile Include="StdAfx.cpp">
      <Filter>Source Files</Filter>
    </ClCompile>
    <ClCompile Include="Trace.cpp">
      <Filter>Source Files</Filter>
    </ClCompile>
    <ClCompile Include="Utils.cpp">
      <Filter>Source Files</Filter>
    </ClCompile>
    <ClCompile Include="Wrapper.cpp">
      <Filter>Source Files</Filter>
    </ClCompile>
    <ClCompile Include="WrapperTable.cpp">
      <Filter>Source Files</Filter>
    </ClCompile>
  </ItemGroup>
  <ItemGroup>
    <None Include="S3DWrapperD3D7.def">
      <Filter>Source Files</Filter>
    </None>
  </ItemGroup>
  <ItemGroup>
    <ClInclude Include="Header Files\DeclGuid.h">
      <Filter>Header Files</Filter>
    </ClInclude>
    <ClInclude Include="Direct3D7.h">
      <Filter>Header Files</Filter>
    </ClInclude>
    <ClInclude Include="Direct3DDevice7.h">
      <Filter>Header Files</Filter>
    </ClInclude>
    <ClInclude Include="Direct3DVertexBuffer7.h">
      <Filter>Header Files</Filter>
    </ClInclude>
    <ClInclude Include="DirectDrawClipper.h">
      <Filter>Header Files</Filter>
    </ClInclude>
    <ClInclude Include="DirectDrawPalette.h">
      <Filter>Header Files</Filter>
    </ClInclude>
    <ClInclude Include="DirectDrawSurface7.h">
      <Filter>Header Files</Filter>
    </ClInclude>
    <ClInclude Include="Globals.h">
      <Filter>Header Files</Filter>
    </ClInclude>
    <ClInclude Include="Resource.h">
      <Filter>Header Files</Filter>
    </ClInclude>
    <ClInclude Include="StdAfx.h">
      <Filter>Header Files</Filter>
    </ClInclude>
    <ClInclude Include="Trace.h">
      <Filter>Header Files</Filter>
    </ClInclude>
    <ClInclude Include="Utils.h">
      <Filter>Header Files</Filter>
    </ClInclude>
    <ClInclude Include="version.h">
      <Filter>Header Files</Filter>
    </ClInclude>
    <ClInclude Include="Wrapper.h">
      <Filter>Header Files</Filter>
    </ClInclude>
    <ClInclude Include="WrapperTable.h">
      <Filter>Header Files</Filter>
    </ClInclude>
  </ItemGroup>
  <ItemGroup>
    <ResourceCompile Include="app.rc">
      <Filter>Resource Files</Filter>
    </ResourceCompile>
  </ItemGroup>
</Project>